# This file was autogenerated by Stack.
# You should not edit this file by hand.
# For more information, please see the documentation at:
#   https://docs.haskellstack.org/en/stable/lock_files

packages:
- completed:
    hackage: net-mqtt-0.8.2.0@sha256:ffd0c9eca5b34a3fa596c58dfd1a73d7e3d2d286c69fa9918d0a52424895550a,4069
    pantry-tree:
      size: 701
      sha256: d054ca0864809f367e5b336a6bce8ea88633f8346ae36b7a80bb9cd16507c654
  original:
    hackage: net-mqtt-0.8.2.0
snapshots:
- completed:
    size: 586110
    url: https://raw.githubusercontent.com/commercialhaskell/stackage-snapshots/master/lts/18/21.yaml
    sha256: ce4fb8d44f3c6c6032060a02e0ebb1bd29937c9a70101c1517b92a87d9515160
  original: lts-18.21
