# This file was autogenerated by Stack.
# You should not edit this file by hand.
# For more information, please see the documentation at:
#   https://docs.haskellstack.org/en/stable/lock_files

packages:
- completed:
    hackage: ekg-0.4.1.0@sha256:aa395c36ad7818c5a70bc54ff8bb6406bf4fc9b969e06f955214c8eee5f83c3b,2202
    pantry-tree:
      sha256: 7c58d41524caa4c832adfcfdc32f8e5c1988438acf5b488e2e72f4168bfcd1ff
      size: 1495
  original:
    hackage: ekg-0.4.1.0@sha256:aa395c36ad7818c5a70bc54ff8bb6406bf4fc9b969e06f955214c8eee5f83c3b,2202
- completed:
    hackage: ekg-json-0.1.1.0@sha256:e9947acafd288614b8a7ddc7ee1df8410c1bbb8dff2987bc81c97d562fa5957f,1389
    pantry-tree:
      sha256: 5339e78ba4c343afc9f75c416522ba54a6e5c25d3fbd2c4832aeda7c35f16bb8
      size: 265
  original:
    hackage: ekg-json-0.1.1.0@sha256:e9947acafd288614b8a7ddc7ee1df8410c1bbb8dff2987bc81c97d562fa5957f,1389
snapshots:
- completed:
    sha256: 1e32b51d9082fdf6f3bd92accc9dfffd4ddaf406404427fb10bf76d2bc03cbbb
    size: 720263
    url: https://raw.githubusercontent.com/commercialhaskell/stackage-snapshots/master/lts/22/41.yaml
  original: lts-22.41
