# This file was autogenerated by Stack.
# You should not edit this file by hand.
# For more information, please see the documentation at:
#   https://docs.haskellstack.org/en/stable/lock_files

packages:
- completed:
    name: net-mqtt
    version: 0.8.0.0
    git: https://github.com/dustin/mqtt-hs
    pantry-tree:
      size: 1047
      sha256: 9e32e534499102bf33fa1daaa44178f1c2fe9489ab0d72151d9cd388d7c6e2b9
    commit: 9024e328d85871e853dd6a9d960b2530b04dc1c3
  original:
    git: https://github.com/dustin/mqtt-hs
    commit: 9024e328d85871e853dd6a9d960b2530b04dc1c3
snapshots:
- completed:
    size: 585393
    url: https://raw.githubusercontent.com/commercialhaskell/stackage-snapshots/master/lts/18/0.yaml
    sha256: c632012da648385b9fa3c29f4e0afd56ead299f1c5528ee789058be410e883c0
  original: lts-18.0
